
Microsoft Visual Studio Solution File, Format Version 12.00
# Visual Studio Version 17
VisualStudioVersion = 17.4.33213.308
MinimumVisualStudioVersion = 10.0.40219.1
Project("{9A19103F-16F7-4668-BE54-9A1E7A4F7556}") = "PDFAddImage", "PDFAddImage\PDFAddImage.csproj", "{5894BB2F-2EC1-46B8-A184-F1ED3F4F3F98}"
EndProject
Global
	GlobalSection(SolutionConfigurationPlatforms) = preSolution
		Debug|Any CPU = Debug|Any CPU
		Release|Any CPU = Release|Any CPU
	EndGlobalSection
	GlobalSection(ProjectConfigurationPlatforms) = postSolution
		{5894BB2F-2EC1-46B8-A184-F1ED3F4F3F98}.Debug|Any CPU.ActiveCfg = Debug|Any CPU
		{5894BB2F-2EC1-46B8-A184-F1ED3F4F3F98}.Debug|Any CPU.Build.0 = Debug|Any CPU
		{5894BB2F-2EC1-46B8-A184-F1ED3F4F3F98}.Release|Any CPU.ActiveCfg = Release|Any CPU
		{5894BB2F-2EC1-46B8-A184-F1ED3F4F3F98}.Release|Any CPU.Build.0 = Release|Any CPU
	EndGlobalSection
	GlobalSection(SolutionProperties) = preSolution
		HideSolutionNode = FALSE
	EndGlobalSection
	GlobalSection(ExtensibilityGlobals) = postSolution
		SolutionGuid = {11ED2D30-9817-4D63-816B-820791792956}
	EndGlobalSection
EndGlobal
